
Microsoft Visual Studio Solution File, Format Version 12.00
# Visual Studio Version 17
VisualStudioVersion = 17.1.32421.90
MinimumVisualStudioVersion = 10.0.40219.1
Project("{FAE04EC0-301F-11D3-BF4B-00C04F79EFBC}") = "DemoAPI", "WebApplication1\DemoAPI.csproj", "{BA6A8706-A0B5-4375-9312-206385D5B8AF}"
EndProject
Global
	GlobalSection(SolutionConfigurationPlatforms) = preSolution
		Debug|Any CPU = Debug|Any CPU
		Release|Any CPU = Release|Any CPU
	EndGlobalSection
	GlobalSection(ProjectConfigurationPlatforms) = postSolution
		{BA6A8706-A0B5-4375-9312-206385D5B8AF}.Debug|Any CPU.ActiveCfg = Debug|Any CPU
		{BA6A8706-A0B5-4375-9312-206385D5B8AF}.Debug|Any CPU.Build.0 = Debug|Any CPU
		{BA6A8706-A0B5-4375-9312-206385D5B8AF}.Release|Any CPU.ActiveCfg = Release|Any CPU
		{BA6A8706-A0B5-4375-9312-206385D5B8AF}.Release|Any CPU.Build.0 = Release|Any CPU
	EndGlobalSection
	GlobalSection(SolutionProperties) = preSolution
		HideSolutionNode = FALSE
	EndGlobalSection
	GlobalSection(ExtensibilityGlobals) = postSolution
		SolutionGuid = {FFF84343-D296-469E-A2FB-007D4F8F6968}
	EndGlobalSection
EndGlobal
